lockfileVersion: '9.0'

settings:
  autoInstallPeers: true
  excludeLinksFromLockfile: false

importers:

  .:
    dependencies:
      '@extension/env':
        specifier: workspace:*
        version: link:../../packages/env
      '@extension/shared':
        specifier: workspace:*
        version: link:../../packages/shared
      '@extension/storage':
        specifier: workspace:*
        version: link:../../packages/storage
      webextension-polyfill:
        specifier: ^0.12.0
        version: 0.12.0
    devDependencies:
      '@extension/hmr':
        specifier: workspace:*
        version: link:../../packages/hmr
      '@extension/tsconfig':
        specifier: workspace:*
        version: link:../../packages/tsconfig
      '@extension/vite-config':
        specifier: workspace:*
        version: link:../../packages/vite-config

packages:

  webextension-polyfill@0.12.0:
    resolution: {integrity: sha512-97TBmpoWJEE+3nFBQ4VocyCdLKfw54rFaJ6EVQYLBCXqCIpLSZkwGgASpv4oPt9gdKCJ80RJlcmNzNn008Ag6Q==}

snapshots:

  webextension-polyfill@0.12.0: {}
